
Microsoft Visual Studio Solution File, Format Version 12.00
# Visual Studio Version 17
VisualStudioVersion = 17.0.31912.275
MinimumVisualStudioVersion = 10.0.40219.1
Project("{FAE04EC0-301F-11D3-BF4B-00C04F79EFBC}") = "MessengerApp.Android", "MessengerApp\MessengerApp.Android\MessengerApp.Android.csproj", "{4D6AD70C-EE4F-4505-97B4-951BA822A160}"
EndProject
Project("{FAE04EC0-301F-11D3-BF4B-00C04F79EFBC}") = "MessengerApp", "MessengerApp\MessengerApp\MessengerApp.csproj", "{AEDB1066-DC48-40FA-A9E1-68FAA9F31CC3}"
EndProject
Global
	GlobalSection(SolutionConfigurationPlatforms) = preSolution
		Debug|Any CPU = Debug|Any CPU
		Release|Any CPU = Release|Any CPU
	EndGlobalSection
	GlobalSection(ProjectConfigurationPlatforms) = postSolution
		{4D6AD70C-EE4F-4505-97B4-951BA822A160}.Debug|Any CPU.ActiveCfg = Debug|Any CPU
		{4D6AD70C-EE4F-4505-97B4-951BA822A160}.Debug|Any CPU.Build.0 = Debug|Any CPU
		{4D6AD70C-EE4F-4505-97B4-951BA822A160}.Debug|Any CPU.Deploy.0 = Debug|Any CPU
		{4D6AD70C-EE4F-4505-97B4-951BA822A160}.Release|Any CPU.ActiveCfg = Release|Any CPU
		{4D6AD70C-EE4F-4505-97B4-951BA822A160}.Release|Any CPU.Build.0 = Release|Any CPU
		{4D6AD70C-EE4F-4505-97B4-951BA822A160}.Release|Any CPU.Deploy.0 = Release|Any CPU
		{AEDB1066-DC48-40FA-A9E1-68FAA9F31CC3}.Debug|Any CPU.ActiveCfg = Debug|Any CPU
		{AEDB1066-DC48-40FA-A9E1-68FAA9F31CC3}.Debug|Any CPU.Build.0 = Debug|Any CPU
		{AEDB1066-DC48-40FA-A9E1-68FAA9F31CC3}.Debug|Any CPU.Deploy.0 = Debug|Any CPU
		{AEDB1066-DC48-40FA-A9E1-68FAA9F31CC3}.Release|Any CPU.ActiveCfg = Release|Any CPU
		{AEDB1066-DC48-40FA-A9E1-68FAA9F31CC3}.Release|Any CPU.Build.0 = Release|Any CPU
		{AEDB1066-DC48-40FA-A9E1-68FAA9F31CC3}.Release|Any CPU.Deploy.0 = Release|Any CPU
	EndGlobalSection
	GlobalSection(SolutionProperties) = preSolution
		HideSolutionNode = FALSE
	EndGlobalSection
	GlobalSection(ExtensibilityGlobals) = postSolution
		SolutionGuid = {7D6149B4-D05F-4462-B1A1-52576852B3C2}
	EndGlobalSection
EndGlobal
